{
  "name": "final",
  "lockfileVersion": 3,
  "requires": true,
  "packages": {
    "": {
      "dependencies": {
        "pyyaml": "^0.0.1",
        "setuptools": "^0.0.1"
      }
    },
    "node_modules/pyyaml": {
      "version": "0.0.1",
      "resolved": "https://registry.npmjs.org/pyyaml/-/pyyaml-0.0.1.tgz",
      "integrity": "sha512-JtAUzqb5VR+h5rEwoc5X848rDvSLFhhCOXYGObC+mn9HoQRQ6j/kLPLlMKUBEJZMJhN6hzCSkvKHVGNaX5w9eQ==",
      "engines": {
        "node": "*"
      }
    },
    "node_modules/setuptools": {
      "version": "0.0.1",
      "resolved": "https://registry.npmjs.org/setuptools/-/setuptools-0.0.1.tgz",
      "integrity": "sha512-NFqKbSldVoSOIVSbAeCEPTWkJ/35Ntq0nX871SLS1oD1oAoH5u/4fH/0mQy9VULeSFav3BpOe7GN+vznJ8RU4Q==",
      "license": "ISC"
    }
  }
}
